
Microsoft Visual Studio Solution File, Format Version 12.00
# Visual Studio 14
VisualStudioVersion = 14.0.25420.1
MinimumVisualStudioVersion = 10.0.40219.1
Project("{8BC9CEB8-8B4A-11D0-8D11-00A0C91BC942}") = "BEUtilityLib", "BEUtilityLib\BEUtilityLib.vcxproj", "{C883BFCD-2B31-4818-A6C6-D6E6257979D9}"
EndProject
Project("{8BC9CEB8-8B4A-11D0-8D11-00A0C91BC942}") = "MathUnitTest", "MathUnitTest\MathUnitTest.vcxproj", "{F257FBA1-9FBC-45E0-92B4-555CAECC938A}"
	ProjectSection(ProjectDependencies) = postProject
		{C883BFCD-2B31-4818-A6C6-D6E6257979D9} = {C883BFCD-2B31-4818-A6C6-D6E6257979D9}
	EndProjectSection
EndProject
Project("{8BC9CEB8-8B4A-11D0-8D11-00A0C91BC942}") = "BECore", "BECore\BECore.vcxproj", "{EE631E70-6E4F-4CB5-B52F-4D3344C9DCB0}"
	ProjectSection(ProjectDependencies) = postProject
		{7FD2E604-6B7F-41BD-8863-2C74C8006DEA} = {7FD2E604-6B7F-41BD-8863-2C74C8006DEA}
		{C883BFCD-2B31-4818-A6C6-D6E6257979D9} = {C883BFCD-2B31-4818-A6C6-D6E6257979D9}
	EndProjectSection
EndProject
Project("{8BC9CEB8-8B4A-11D0-8D11-00A0C91BC942}") = "BEGraphicsLib", "BEGraphicLib\BEGraphicLib.vcxproj", "{7FD2E604-6B7F-41BD-8863-2C74C8006DEA}"
	ProjectSection(ProjectDependencies) = postProject
		{C883BFCD-2B31-4818-A6C6-D6E6257979D9} = {C883BFCD-2B31-4818-A6C6-D6E6257979D9}
	EndProjectSection
EndProject
Project("{8BC9CEB8-8B4A-11D0-8D11-00A0C91BC942}") = "CoreUnitTest", "CoreUnitTest\CoreUnitTest.vcxproj", "{F20E1203-3844-4704-964F-199DFE1E4B15}"
	ProjectSection(ProjectDependencies) = postProject
		{EE631E70-6E4F-4CB5-B52F-4D3344C9DCB0} = {EE631E70-6E4F-4CB5-B52F-4D3344C9DCB0}
	EndProjectSection
EndProject
Project("{8BC9CEB8-8B4A-11D0-8D11-00A0C91BC942}") = "GraphicsUnitTest", "GraphicsUnitTest\GraphicsUnitTest.vcxproj", "{695B2648-320D-4CE5-8ADF-F4B91F8FD2A1}"
	ProjectSection(ProjectDependencies) = postProject
		{7FD2E604-6B7F-41BD-8863-2C74C8006DEA} = {7FD2E604-6B7F-41BD-8863-2C74C8006DEA}
		{EE631E70-6E4F-4CB5-B52F-4D3344C9DCB0} = {EE631E70-6E4F-4CB5-B52F-4D3344C9DCB0}
		{C883BFCD-2B31-4818-A6C6-D6E6257979D9} = {C883BFCD-2B31-4818-A6C6-D6E6257979D9}
	EndProjectSection
EndProject
Project("{8BC9CEB8-8B4A-11D0-8D11-00A0C91BC942}") = "UtilityUnitTest", "UtilityUnitTest\UtilityUnitTest.vcxproj", "{1DBC5DB1-AE4A-451A-A2F2-DE657F4094F0}"
	ProjectSection(ProjectDependencies) = postProject
		{C883BFCD-2B31-4818-A6C6-D6E6257979D9} = {C883BFCD-2B31-4818-A6C6-D6E6257979D9}
	EndProjectSection
EndProject
Project("{8BC9CEB8-8B4A-11D0-8D11-00A0C91BC942}") = "BEEngine", "BEEngine\BEEngine.vcxproj", "{FC7AE2C2-F9D3-4B01-978F-B5287839E138}"
EndProject
Global
	GlobalSection(SolutionConfigurationPlatforms) = preSolution
		Debug|Win32 = Debug|Win32
		Debug|x64 = Debug|x64
		Debug|x86 = Debug|x86
		Release|Win32 = Release|Win32
		Release|x64 = Release|x64
		Release|x86 = Release|x86
	EndGlobalSection
	GlobalSection(ProjectConfigurationPlatforms) = postSolution
		{C883BFCD-2B31-4818-A6C6-D6E6257979D9}.Debug|Win32.ActiveCfg = Debug|Win32
		{C883BFCD-2B31-4818-A6C6-D6E6257979D9}.Debug|Win32.Build.0 = Debug|Win32
		{C883BFCD-2B31-4818-A6C6-D6E6257979D9}.Debug|x64.ActiveCfg = Debug|x64
		{C883BFCD-2B31-4818-A6C6-D6E6257979D9}.Debug|x64.Build.0 = Debug|x64
		{C883BFCD-2B31-4818-A6C6-D6E6257979D9}.Debug|x86.ActiveCfg = Debug|Win32
		{C883BFCD-2B31-4818-A6C6-D6E6257979D9}.Debug|x86.Build.0 = Debug|Win32
		{C883BFCD-2B31-4818-A6C6-D6E6257979D9}.Release|Win32.ActiveCfg = Release|Win32
		{C883BFCD-2B31-4818-A6C6-D6E6257979D9}.Release|Win32.Build.0 = Release|Win32
		{C883BFCD-2B31-4818-A6C6-D6E6257979D9}.Release|x64.ActiveCfg = Release|x64
		{C883BFCD-2B31-4818-A6C6-D6E6257979D9}.Release|x64.Build.0 = Release|x64
		{C883BFCD-2B31-4818-A6C6-D6E6257979D9}.Release|x86.ActiveCfg = Release|Win32
		{C883BFCD-2B31-4818-A6C6-D6E6257979D9}.Release|x86.Build.0 = Release|Win32
		{F257FBA1-9FBC-45E0-92B4-555CAECC938A}.Debug|Win32.ActiveCfg = Debug|Win32
		{F257FBA1-9FBC-45E0-92B4-555CAECC938A}.Debug|Win32.Build.0 = Debug|Win32
		{F257FBA1-9FBC-45E0-92B4-555CAECC938A}.Debug|x64.ActiveCfg = Debug|x64
		{F257FBA1-9FBC-45E0-92B4-555CAECC938A}.Debug|x64.Build.0 = Debug|x64
		{F257FBA1-9FBC-45E0-92B4-555CAECC938A}.Debug|x86.ActiveCfg = Debug|Win32
		{F257FBA1-9FBC-45E0-92B4-555CAECC938A}.Debug|x86.Build.0 = Debug|Win32
		{F257FBA1-9FBC-45E0-92B4-555CAECC938A}.Release|Win32.ActiveCfg = Release|Win32
		{F257FBA1-9FBC-45E0-92B4-555CAECC938A}.Release|Win32.Build.0 = Release|Win32
		{F257FBA1-9FBC-45E0-92B4-555CAECC938A}.Release|x64.ActiveCfg = Release|x64
		{F257FBA1-9FBC-45E0-92B4-555CAECC938A}.Release|x64.Build.0 = Release|x64
		{F257FBA1-9FBC-45E0-92B4-555CAECC938A}.Release|x86.ActiveCfg = Release|Win32
		{F257FBA1-9FBC-45E0-92B4-555CAECC938A}.Release|x86.Build.0 = Release|Win32
		{EE631E70-6E4F-4CB5-B52F-4D3344C9DCB0}.Debug|Win32.ActiveCfg = Debug|Win32
		{EE631E70-6E4F-4CB5-B52F-4D3344C9DCB0}.Debug|Win32.Build.0 = Debug|Win32
		{EE631E70-6E4F-4CB5-B52F-4D3344C9DCB0}.Debug|x64.ActiveCfg = Debug|x64
		{EE631E70-6E4F-4CB5-B52F-4D3344C9DCB0}.Debug|x64.Build.0 = Debug|x64
		{EE631E70-6E4F-4CB5-B52F-4D3344C9DCB0}.Debug|x86.ActiveCfg = Debug|Win32
		{EE631E70-6E4F-4CB5-B52F-4D3344C9DCB0}.Debug|x86.Build.0 = Debug|Win32
		{EE631E70-6E4F-4CB5-B52F-4D3344C9DCB0}.Release|Win32.ActiveCfg = Release|Win32
		{EE631E70-6E4F-4CB5-B52F-4D3344C9DCB0}.Release|Win32.Build.0 = Release|Win32
		{EE631E70-6E4F-4CB5-B52F-4D3344C9DCB0}.Release|x64.ActiveCfg = Release|x64
		{EE631E70-6E4F-4CB5-B52F-4D3344C9DCB0}.Release|x64.Build.0 = Release|x64
		{EE631E70-6E4F-4CB5-B52F-4D3344C9DCB0}.Release|x86.ActiveCfg = Release|Win32
		{EE631E70-6E4F-4CB5-B52F-4D3344C9DCB0}.Release|x86.Build.0 = Release|Win32
		{7FD2E604-6B7F-41BD-8863-2C74C8006DEA}.Debug|Win32.ActiveCfg = Debug|Win32
		{7FD2E604-6B7F-41BD-8863-2C74C8006DEA}.Debug|Win32.Build.0 = Debug|Win32
		{7FD2E604-6B7F-41BD-8863-2C74C8006DEA}.Debug|x64.ActiveCfg = Debug|x64
		{7FD2E604-6B7F-41BD-8863-2C74C8006DEA}.Debug|x64.Build.0 = Debug|x64
		{7FD2E604-6B7F-41BD-8863-2C74C8006DEA}.Debug|x86.ActiveCfg = Debug|Win32
		{7FD2E604-6B7F-41BD-8863-2C74C8006DEA}.Debug|x86.Build.0 = Debug|Win32
		{7FD2E604-6B7F-41BD-8863-2C74C8006DEA}.Release|Win32.ActiveCfg = Release|Win32
		{7FD2E604-6B7F-41BD-8863-2C74C8006DEA}.Release|Win32.Build.0 = Release|Win32
		{7FD2E604-6B7F-41BD-8863-2C74C8006DEA}.Release|x64.ActiveCfg = Release|x64
		{7FD2E604-6B7F-41BD-8863-2C74C8006DEA}.Release|x64.Build.0 = Release|x64
		{7FD2E604-6B7F-41BD-8863-2C74C8006DEA}.Release|x86.ActiveCfg = Release|Win32
		{7FD2E604-6B7F-41BD-8863-2C74C8006DEA}.Release|x86.Build.0 = Release|Win32
		{F20E1203-3844-4704-964F-199DFE1E4B15}.Debug|Win32.ActiveCfg = Debug|Win32
		{F20E1203-3844-4704-964F-199DFE1E4B15}.Debug|Win32.Build.0 = Debug|Win32
		{F20E1203-3844-4704-964F-199DFE1E4B15}.Debug|x64.ActiveCfg = Debug|x64
		{F20E1203-3844-4704-964F-199DFE1E4B15}.Debug|x64.Build.0 = Debug|x64
		{F20E1203-3844-4704-964F-199DFE1E4B15}.Debug|x86.ActiveCfg = Debug|Win32
		{F20E1203-3844-4704-964F-199DFE1E4B15}.Debug|x86.Build.0 = Debug|Win32
		{F20E1203-3844-4704-964F-199DFE1E4B15}.Release|Win32.ActiveCfg = Release|Win32
		{F20E1203-3844-4704-964F-199DFE1E4B15}.Release|Win32.Build.0 = Release|Win32
		{F20E1203-3844-4704-964F-199DFE1E4B15}.Release|x64.ActiveCfg = Release|x64
		{F20E1203-3844-4704-964F-199DFE1E4B15}.Release|x64.Build.0 = Release|x64
		{F20E1203-3844-4704-964F-199DFE1E4B15}.Release|x86.ActiveCfg = Release|Win32
		{F20E1203-3844-4704-964F-199DFE1E4B15}.Release|x86.Build.0 = Release|Win32
		{695B2648-320D-4CE5-8ADF-F4B91F8FD2A1}.Debug|Win32.ActiveCfg = Debug|Win32
		{695B2648-320D-4CE5-8ADF-F4B91F8FD2A1}.Debug|Win32.Build.0 = Debug|Win32
		{695B2648-320D-4CE5-8ADF-F4B91F8FD2A1}.Debug|x64.ActiveCfg = Debug|x64
		{695B2648-320D-4CE5-8ADF-F4B91F8FD2A1}.Debug|x64.Build.0 = Debug|x64
		{695B2648-320D-4CE5-8ADF-F4B91F8FD2A1}.Debug|x86.ActiveCfg = Debug|Win32
		{695B2648-320D-4CE5-8ADF-F4B91F8FD2A1}.Debug|x86.Build.0 = Debug|Win32
		{695B2648-320D-4CE5-8ADF-F4B91F8FD2A1}.Release|Win32.ActiveCfg = Release|Win32
		{695B2648-320D-4CE5-8ADF-F4B91F8FD2A1}.Release|Win32.Build.0 = Release|Win32
		{695B2648-320D-4CE5-8ADF-F4B91F8FD2A1}.Release|x64.ActiveCfg = Release|x64
		{695B2648-320D-4CE5-8ADF-F4B91F8FD2A1}.Release|x64.Build.0 = Release|x64
		{695B2648-320D-4CE5-8ADF-F4B91F8FD2A1}.Release|x86.ActiveCfg = Release|Win32
		{695B2648-320D-4CE5-8ADF-F4B91F8FD2A1}.Release|x86.Build.0 = Release|Win32
		{1DBC5DB1-AE4A-451A-A2F2-DE657F4094F0}.Debug|Win32.ActiveCfg = Debug|Win32
		{1DBC5DB1-AE4A-451A-A2F2-DE657F4094F0}.Debug|Win32.Build.0 = Debug|Win32
		{1DBC5DB1-AE4A-451A-A2F2-DE657F4094F0}.Debug|x64.ActiveCfg = Debug|x64
		{1DBC5DB1-AE4A-451A-A2F2-DE657F4094F0}.Debug|x64.Build.0 = Debug|x64
		{1DBC5DB1-AE4A-451A-A2F2-DE657F4094F0}.Debug|x86.ActiveCfg = Debug|Win32
		{1DBC5DB1-AE4A-451A-A2F2-DE657F4094F0}.Debug|x86.Build.0 = Debug|Win32
		{1DBC5DB1-AE4A-451A-A2F2-DE657F4094F0}.Release|Win32.ActiveCfg = Release|Win32
		{1DBC5DB1-AE4A-451A-A2F2-DE657F4094F0}.Release|Win32.Build.0 = Release|Win32
		{1DBC5DB1-AE4A-451A-A2F2-DE657F4094F0}.Release|x64.ActiveCfg = Release|x64
		{1DBC5DB1-AE4A-451A-A2F2-DE657F4094F0}.Release|x64.Build.0 = Release|x64
		{1DBC5DB1-AE4A-451A-A2F2-DE657F4094F0}.Release|x86.ActiveCfg = Release|Win32
		{1DBC5DB1-AE4A-451A-A2F2-DE657F4094F0}.Release|x86.Build.0 = Release|Win32
		{FC7AE2C2-F9D3-4B01-978F-B5287839E138}.Debug|Win32.ActiveCfg = Debug|Win32
		{FC7AE2C2-F9D3-4B01-978F-B5287839E138}.Debug|Win32.Build.0 = Debug|Win32
		{FC7AE2C2-F9D3-4B01-978F-B5287839E138}.Debug|x64.ActiveCfg = Debug|x64
		{FC7AE2C2-F9D3-4B01-978F-B5287839E138}.Debug|x64.Build.0 = Debug|x64
		{FC7AE2C2-F9D3-4B01-978F-B5287839E138}.Debug|x86.ActiveCfg = Debug|Win32
		{FC7AE2C2-F9D3-4B01-978F-B5287839E138}.Debug|x86.Build.0 = Debug|Win32
		{FC7AE2C2-F9D3-4B01-978F-B5287839E138}.Release|Win32.ActiveCfg = Release|Win32
		{FC7AE2C2-F9D3-4B01-978F-B5287839E138}.Release|Win32.Build.0 = Release|Win32
		{FC7AE2C2-F9D3-4B01-978F-B5287839E138}.Release|x64.ActiveCfg = Release|x64
		{FC7AE2C2-F9D3-4B01-978F-B5287839E138}.Release|x64.Build.0 = Release|x64
		{FC7AE2C2-F9D3-4B01-978F-B5287839E138}.Release|x86.ActiveCfg = Release|Win32
		{FC7AE2C2-F9D3-4B01-978F-B5287839E138}.Release|x86.Build.0 = Release|Win32
	EndGlobalSection
	GlobalSection(SolutionProperties) = preSolution
		HideSolutionNode = FALSE
	EndGlobalSection
EndGlobal
